---
name: update-flake-lock
on:  # yamllint disable-line rule:truthy
  workflow_dispatch:  # to allow for manual trigger via github web ui
  schedule:
    - cron: '0 0 1 * *'  # runs monthly at 00:00


jobs:
  lockfile:
    permissions:
      contents: write
      pull-requests: write
      repository-projects: write
    runs-on: ubuntu-latest
    steps:
      - name: Checkout repository
        uses: actions/checkout@v5
      - name: Install Nix
        uses: DeterminateSystems/nix-installer-action@main
      - name: Update flake.lock
        uses: DeterminateSystems/update-flake-lock@main
        with:
          pr-title: "chore(flake): Update flake.lock" # Title of PR to be created
          pr-labels: |                  # Labels to be set on the PR
            dependencies
            automated
          token: ${{ secrets.GH_TOKEN_UPDATES }}